
Microsoft Visual Studio Solution File, Format Version 12.00
# Visual Studio Version 17
VisualStudioVersion = 17.5.33414.496
MinimumVisualStudioVersion = 10.0.40219.1
Project("{FAE04EC0-301F-11D3-BF4B-00C04F79EFBC}") = "CentralLibrary", "CentralLibrary\CentralLibrary.csproj", "{DC6B38EC-FE86-455B-A389-B29CC0716916}"
EndProject
Project("{FAE04EC0-301F-11D3-BF4B-00C04F79EFBC}") = "Domain", "Domain\Domain.csproj", "{A5889947-7579-4DA7-9782-5DAA81817DED}"
EndProject
Project("{FAE04EC0-301F-11D3-BF4B-00C04F79EFBC}") = "Repository", "Repository\Repository.csproj", "{C27D04DB-43E9-4E93-A24D-FEFD5C7B2509}"
EndProject
Global
	GlobalSection(SolutionConfigurationPlatforms) = preSolution
		Debug|Any CPU = Debug|Any CPU
		Release|Any CPU = Release|Any CPU
	EndGlobalSection
	GlobalSection(ProjectConfigurationPlatforms) = postSolution
		{DC6B38EC-FE86-455B-A389-B29CC0716916}.Debug|Any CPU.ActiveCfg = Debug|Any CPU
		{DC6B38EC-FE86-455B-A389-B29CC0716916}.Debug|Any CPU.Build.0 = Debug|Any CPU
		{DC6B38EC-FE86-455B-A389-B29CC0716916}.Release|Any CPU.ActiveCfg = Release|Any CPU
		{DC6B38EC-FE86-455B-A389-B29CC0716916}.Release|Any CPU.Build.0 = Release|Any CPU
		{A5889947-7579-4DA7-9782-5DAA81817DED}.Debug|Any CPU.ActiveCfg = Debug|Any CPU
		{A5889947-7579-4DA7-9782-5DAA81817DED}.Debug|Any CPU.Build.0 = Debug|Any CPU
		{A5889947-7579-4DA7-9782-5DAA81817DED}.Release|Any CPU.ActiveCfg = Release|Any CPU
		{A5889947-7579-4DA7-9782-5DAA81817DED}.Release|Any CPU.Build.0 = Release|Any CPU
		{C27D04DB-43E9-4E93-A24D-FEFD5C7B2509}.Debug|Any CPU.ActiveCfg = Debug|Any CPU
		{C27D04DB-43E9-4E93-A24D-FEFD5C7B2509}.Debug|Any CPU.Build.0 = Debug|Any CPU
		{C27D04DB-43E9-4E93-A24D-FEFD5C7B2509}.Release|Any CPU.ActiveCfg = Release|Any CPU
		{C27D04DB-43E9-4E93-A24D-FEFD5C7B2509}.Release|Any CPU.Build.0 = Release|Any CPU
	EndGlobalSection
	GlobalSection(SolutionProperties) = preSolution
		HideSolutionNode = FALSE
	EndGlobalSection
	GlobalSection(ExtensibilityGlobals) = postSolution
		SolutionGuid = {D864560B-C79C-4EA2-B796-64054318C2DE}
	EndGlobalSection
EndGlobal
